
Microsoft Visual Studio Solution File, Format Version 12.00
# Visual Studio Version 17
VisualStudioVersion = 17.8.34316.72
MinimumVisualStudioVersion = 10.0.40219.1
Project("{FAE04EC0-301F-11D3-BF4B-00C04F79EFBC}") = "StarwarsApi", "StarwarsApi\StarwarsApi.csproj", "{AEBE43A1-7FE7-41D1-AE52-4329C4CDF988}"
EndProject
Global
	GlobalSection(SolutionConfigurationPlatforms) = preSolution
		Debug|Any CPU = Debug|Any CPU
		Release|Any CPU = Release|Any CPU
	EndGlobalSection
	GlobalSection(ProjectConfigurationPlatforms) = postSolution
		{AEBE43A1-7FE7-41D1-AE52-4329C4CDF988}.Debug|Any CPU.ActiveCfg = Debug|Any CPU
		{AEBE43A1-7FE7-41D1-AE52-4329C4CDF988}.Debug|Any CPU.Build.0 = Debug|Any CPU
		{AEBE43A1-7FE7-41D1-AE52-4329C4CDF988}.Release|Any CPU.ActiveCfg = Release|Any CPU
		{AEBE43A1-7FE7-41D1-AE52-4329C4CDF988}.Release|Any CPU.Build.0 = Release|Any CPU
	EndGlobalSection
	GlobalSection(SolutionProperties) = preSolution
		HideSolutionNode = FALSE
	EndGlobalSection
	GlobalSection(ExtensibilityGlobals) = postSolution
		SolutionGuid = {0818957F-72E1-4D1F-A93F-BEFD6D8F5069}
	EndGlobalSection
EndGlobal
